
Microsoft Visual Studio Solution File, Format Version 12.00
# Visual Studio Version 16
VisualStudioVersion = 16.0.29409.12
MinimumVisualStudioVersion = 10.0.40219.1
Project("{FAE04EC0-301F-11D3-BF4B-00C04F79EFBC}") = "NEOPLE_TEST_03_CLIENTS", "NEOPLE_TEST_03_CLIENTS.csproj", "{792C1492-5187-40A0-9563-CBFADD5992FF}"
EndProject
Global
	GlobalSection(SolutionConfigurationPlatforms) = preSolution
		Debug|Any CPU = Debug|Any CPU
		Release|Any CPU = Release|Any CPU
	EndGlobalSection
	GlobalSection(ProjectConfigurationPlatforms) = postSolution
		{792C1492-5187-40A0-9563-CBFADD5992FF}.Debug|Any CPU.ActiveCfg = Debug|Any CPU
		{792C1492-5187-40A0-9563-CBFADD5992FF}.Debug|Any CPU.Build.0 = Debug|Any CPU
		{792C1492-5187-40A0-9563-CBFADD5992FF}.Release|Any CPU.ActiveCfg = Release|Any CPU
		{792C1492-5187-40A0-9563-CBFADD5992FF}.Release|Any CPU.Build.0 = Release|Any CPU
	EndGlobalSection
	GlobalSection(SolutionProperties) = preSolution
		HideSolutionNode = FALSE
	EndGlobalSection
	GlobalSection(ExtensibilityGlobals) = postSolution
		SolutionGuid = {82BA4B89-10DA-4553-BDB5-53628817849F}
	EndGlobalSection
EndGlobal
